# THIS IS AN AUTOGENERATED FILE. DO NOT EDIT THIS FILE DIRECTLY.
# yarn lockfile v1


handsontable@^0.31.0:
  version "0.31.0"
  resolved "https://registry.yarnpkg.com/handsontable/-/handsontable-0.31.0.tgz#62907b31784ea34398470de87c96e434caff003b"
  dependencies:
    moment "^2.13.0"
    numbro "^1.8.0"
    pikaday "^1.4.0"
    zeroclipboard "^2.2.0"

moment@2.x, moment@^2.13.0:
  version "2.17.1"
  resolved "https://registry.yarnpkg.com/moment/-/moment-2.17.1.tgz#fed9506063f36b10f066c8b59a144d7faebe1d82"

numbro@^1.8.0:
  version "1.9.3"
  resolved "https://registry.yarnpkg.com/numbro/-/numbro-1.9.3.tgz#47f727f580aef49fcd5fdd5fa2af7e603e68b530"

pikaday@^1.4.0:
  version "1.5.1"
  resolved "https://registry.yarnpkg.com/pikaday/-/pikaday-1.5.1.tgz#0a48549bc1a14ea1d08c44074d761bc2f2bfcfd3"
  optionalDependencies:
    moment "2.x"

zeroclipboard@^2.2.0:
  version "2.3.0"
  resolved "https://registry.yarnpkg.com/zeroclipboard/-/zeroclipboard-2.3.0.tgz#592ebd833a4308688b0739697d3dbf989002c9af"
